
Microsoft Visual Studio Solution File, Format Version 12.00
# Visual Studio Version 16
VisualStudioVersion = 16.0.30204.135
MinimumVisualStudioVersion = 10.0.40219.1
Project("{FAE04EC0-301F-11D3-BF4B-00C04F79EFBC}") = "PipeMethodCallsReproServer", "PipeMethodCallsReproServer\PipeMethodCallsReproServer.csproj", "{FE7BB1E4-3AA7-436E-8458-E876DAD30C29}"
EndProject
Project("{FAE04EC0-301F-11D3-BF4B-00C04F79EFBC}") = "PipeMethodCallsReproClient", "PipeMethodCallsReproClient\PipeMethodCallsReproClient.csproj", "{84AE8328-CCA5-4BBB-849D-A65A6FC48303}"
EndProject
Project("{FAE04EC0-301F-11D3-BF4B-00C04F79EFBC}") = "Common", "Common\Common.csproj", "{03D3D5FF-0FC9-4A02-8D6A-EFF292DD93B4}"
EndProject
Global
	GlobalSection(SolutionConfigurationPlatforms) = preSolution
		Debug|Any CPU = Debug|Any CPU
		Release|Any CPU = Release|Any CPU
	EndGlobalSection
	GlobalSection(ProjectConfigurationPlatforms) = postSolution
		{FE7BB1E4-3AA7-436E-8458-E876DAD30C29}.Debug|Any CPU.ActiveCfg = Debug|Any CPU
		{FE7BB1E4-3AA7-436E-8458-E876DAD30C29}.Debug|Any CPU.Build.0 = Debug|Any CPU
		{FE7BB1E4-3AA7-436E-8458-E876DAD30C29}.Release|Any CPU.ActiveCfg = Release|Any CPU
		{FE7BB1E4-3AA7-436E-8458-E876DAD30C29}.Release|Any CPU.Build.0 = Release|Any CPU
		{84AE8328-CCA5-4BBB-849D-A65A6FC48303}.Debug|Any CPU.ActiveCfg = Debug|Any CPU
		{84AE8328-CCA5-4BBB-849D-A65A6FC48303}.Debug|Any CPU.Build.0 = Debug|Any CPU
		{84AE8328-CCA5-4BBB-849D-A65A6FC48303}.Release|Any CPU.ActiveCfg = Release|Any CPU
		{84AE8328-CCA5-4BBB-849D-A65A6FC48303}.Release|Any CPU.Build.0 = Release|Any CPU
		{03D3D5FF-0FC9-4A02-8D6A-EFF292DD93B4}.Debug|Any CPU.ActiveCfg = Debug|Any CPU
		{03D3D5FF-0FC9-4A02-8D6A-EFF292DD93B4}.Debug|Any CPU.Build.0 = Debug|Any CPU
		{03D3D5FF-0FC9-4A02-8D6A-EFF292DD93B4}.Release|Any CPU.ActiveCfg = Release|Any CPU
		{03D3D5FF-0FC9-4A02-8D6A-EFF292DD93B4}.Release|Any CPU.Build.0 = Release|Any CPU
	EndGlobalSection
	GlobalSection(SolutionProperties) = preSolution
		HideSolutionNode = FALSE
	EndGlobalSection
	GlobalSection(ExtensibilityGlobals) = postSolution
		SolutionGuid = {5B7B1C8A-A3BC-44C2-AB27-6035DA9257F4}
	EndGlobalSection
EndGlobal
